
Microsoft Visual Studio Solution File, Format Version 12.00
# Visual Studio 14
VisualStudioVersion = 14.0.25420.1
MinimumVisualStudioVersion = 10.0.40219.1
Project("{FAE04EC0-301F-11D3-BF4B-00C04F79EFBC}") = "GreenBushIEP", "GreenBushIEP\GreenBushIEP.csproj", "{2ED222B8-E9B3-450F-980F-CC07385E7A88}"
EndProject
Global
	GlobalSection(SolutionConfigurationPlatforms) = preSolution
		Debug|Any CPU = Debug|Any CPU
		Release|Any CPU = Release|Any CPU
	EndGlobalSection
	GlobalSection(ProjectConfigurationPlatforms) = postSolution
		{2ED222B8-E9B3-450F-980F-CC07385E7A88}.Debug|Any CPU.ActiveCfg = Debug|Any CPU
		{2ED222B8-E9B3-450F-980F-CC07385E7A88}.Debug|Any CPU.Build.0 = Debug|Any CPU
		{2ED222B8-E9B3-450F-980F-CC07385E7A88}.Release|Any CPU.ActiveCfg = Release|Any CPU
		{2ED222B8-E9B3-450F-980F-CC07385E7A88}.Release|Any CPU.Build.0 = Release|Any CPU
		{2ED222B8-E9B3-450F-980F-CC07385E7A88}.Release|Any CPU.Deploy.0 = Release|Any CPU
	EndGlobalSection
	GlobalSection(SolutionProperties) = preSolution
		HideSolutionNode = FALSE
	EndGlobalSection
	GlobalSection(ExtensibilityGlobals) = postSolution
		SolutionGuid = {1E592A3F-5932-406F-9DC0-6BCD2DADAA6B}
	EndGlobalSection
EndGlobal
